{
  "name": "frontend",
  "lockfileVersion": 3,
  "requires": true,
  "packages": {
    "": {
      "dependencies": {
        "chat-application": "file:..",
        "streamify": "file:.."
      }
    },
    "..": {
      "name": "streamify",
      "version": "1.0.0",
      "license": "ISC"
    },
    "node_modules/chat-application": {
      "resolved": "..",
      "link": true
    },
    "node_modules/streamify": {
      "resolved": "..",
      "link": true
    }
  }
}
